{
  "requires": true,
  "lockfileVersion": 1,
  "dependencies": {
    "vue-threejs": {
      "version": "0.2.0-alpha.1",
      "resolved": "https://registry.npmjs.org/vue-threejs/-/vue-threejs-0.2.0-alpha.1.tgz",
      "integrity": "sha512-OHNqLRMqHus+PeUl6hrhGIRza4L9eWY74E1IES5U4BncyWL5QdctzO7hsb7mdBEpGAq0fD3jEa7Aux03byDUNQ=="
    }
  }
}
